{
  "name": "docusaurus-swizzled-warning",
  "version": "0.0.0",
  "lockfileVersion": 3,
  "requires": true,
  "packages": {
    "": {
      "name": "docusaurus-swizzled-warning",
      "version": "0.0.0",
      "license": "CC0",
      "dependencies": {
        "@actions/core": "^3.0.0",
        "@actions/github": "^9.0.0"
      }
    },
    "node_modules/@actions/core": {
      "version": "3.0.0",
      "resolved": "https://registry.npmjs.org/@actions/core/-/core-3.0.0.tgz",
      "integrity": "sha512-zYt6cz+ivnTmiT/ksRVriMBOiuoUpDCJJlZ5KPl2/FRdvwU3f7MPh9qftvbkXJThragzUZieit2nyHUyw53Seg==",
      "license": "MIT",
      "dependencies": {
        "@actions/exec": "^3.0.0",
        "@actions/http-client": "^4.0.0"
      }
    },
    "node_modules/@actions/core/node_modules/@actions/http-client": {
      "version": "4.0.0",
      "resolved": "https://registry.npmjs.org/@actions/http-client/-/http-client-4.0.0.tgz",
      "integrity": "sha512-QuwPsgVMsD6qaPD57GLZi9sqzAZCtiJT8kVBCDpLtxhL5MydQ4gS+DrejtZZPdIYyB1e95uCK9Luyds7ybHI3g==",
      "license": "MIT",
      "dependencies": {
        "tunnel": "^0.0.6",
        "undici": "^6.23.0"
      }
    },
    "node_modules/@actions/exec": {
      "version": "3.0.0",
      "resolved": "https://registry.npmjs.org/@actions/exec/-/exec-3.0.0.tgz",
      "integrity": "sha512-6xH/puSoNBXb72VPlZVm7vQ+svQpFyA96qdDBvhB8eNZOE8LtPf9L4oAsfzK/crCL8YZ+19fKYVnM63Sl+Xzlw==",
      "license": "MIT",
      "dependencies": {
        "@actions/io": "^3.0.2"
      }
    },
    "node_modules/@actions/github": {
      "version": "9.0.0",
      "resolved": "https://registry.npmjs.org/@actions/github/-/github-9.0.0.tgz",
      "integrity": "sha512-yJ0RoswsAaKcvkmpCE4XxBRiy/whH2SdTBHWzs0gi4wkqTDhXMChjSdqBz/F4AeiDlP28rQqL33iHb+kjAMX6w==",
      "license": "MIT",
      "dependencies": {
        "@actions/http-client": "^3.0.2",
        "@octokit/core": "^7.0.6",
        "@octokit/plugin-paginate-rest": "^14.0.0",
        "@octokit/plugin-rest-endpoint-methods": "^17.0.0",
        "@octokit/request": "^10.0.7",
        "@octokit/request-error": "^7.1.0",
        "undici": "^6.23.0"
      }
    },
    "node_modules/@actions/http-client": {
      "version": "3.0.2",
      "resolved": "https://registry.npmjs.org/@actions/http-client/-/http-client-3.0.2.tgz",
      "integrity": "sha512-JP38FYYpyqvUsz+Igqlc/JG6YO9PaKuvqjM3iGvaLqFnJ7TFmcLyy2IDrY0bI0qCQug8E9K+elv5ZNfw62ZJzA==",
      "license": "MIT",
      "dependencies": {
        "tunnel": "^0.0.6",
        "undici": "^6.23.0"
      }
    },
    "node_modules/@actions/io": {
      "version": "3.0.2",
      "resolved": "https://registry.npmjs.org/@actions/io/-/io-3.0.2.tgz",
      "integrity": "sha512-nRBchcMM+QK1pdjO7/idu86rbJI5YHUKCvKs0KxnSYbVe3F51UfGxuZX4Qy/fWlp6l7gWFwIkrOzN+oUK03kfw==",
      "license": "MIT"
    },
    "node_modules/@octokit/auth-token": {
      "version": "6.0.0",
      "resolved": "https://registry.npmjs.org/@octokit/auth-token/-/auth-token-6.0.0.tgz",
      "integrity": "sha512-P4YJBPdPSpWTQ1NU4XYdvHvXJJDxM6YwpS0FZHRgP7YFkdVxsWcpWGy/NVqlAA7PcPCnMacXlRm1y2PFZRWL/w==",
      "license": "MIT",
      "engines": {
        "node": ">= 20"
      }
    },
    "node_modules/@octokit/core": {
      "version": "7.0.6",
      "resolved": "https://registry.npmjs.org/@octokit/core/-/core-7.0.6.tgz",
      "integrity": "sha512-DhGl4xMVFGVIyMwswXeyzdL4uXD5OGILGX5N8Y+f6W7LhC1Ze2poSNrkF/fedpVDHEEZ+PHFW0vL14I+mm8K3Q==",
      "license": "MIT",
      "dependencies": {
        "@octokit/auth-token": "^6.0.0",
        "@octokit/graphql": "^9.0.3",
        "@octokit/request": "^10.0.6",
        "@octokit/request-error": "^7.0.2",
        "@octokit/types": "^16.0.0",
        "before-after-hook": "^4.0.0",
        "universal-user-agent": "^7.0.0"
      },
      "engines": {
        "node": ">= 20"
      }
    },
    "node_modules/@octokit/endpoint": {
      "version": "11.0.2",
      "resolved": "https://registry.npmjs.org/@octokit/endpoint/-/endpoint-11.0.2.tgz",
      "integrity": "sha512-4zCpzP1fWc7QlqunZ5bSEjxc6yLAlRTnDwKtgXfcI/FxxGoqedDG8V2+xJ60bV2kODqcGB+nATdtap/XYq2NZQ==",
      "license": "MIT",
      "dependencies": {
        "@octokit/types": "^16.0.0",
        "universal-user-agent": "^7.0.2"
      },
      "engines": {
        "node": ">= 20"
      }
    },
    "node_modules/@octokit/graphql": {
      "version": "9.0.3",
      "resolved": "https://registry.npmjs.org/@octokit/graphql/-/graphql-9.0.3.tgz",
      "integrity": "sha512-grAEuupr/C1rALFnXTv6ZQhFuL1D8G5y8CN04RgrO4FIPMrtm+mcZzFG7dcBm+nq+1ppNixu+Jd78aeJOYxlGA==",
      "license": "MIT",
      "dependencies": {
        "@octokit/request": "^10.0.6",
        "@octokit/types": "^16.0.0",
        "universal-user-agent": "^7.0.0"
      },
      "engines": {
        "node": ">= 20"
      }
    },
    "node_modules/@octokit/openapi-types": {
      "version": "27.0.0",
      "resolved": "https://registry.npmjs.org/@octokit/openapi-types/-/openapi-types-27.0.0.tgz",
      "integrity": "sha512-whrdktVs1h6gtR+09+QsNk2+FO+49j6ga1c55YZudfEG+oKJVvJLQi3zkOm5JjiUXAagWK2tI2kTGKJ2Ys7MGA==",
      "license": "MIT"
    },
    "node_modules/@octokit/plugin-paginate-rest": {
      "version": "14.0.0",
      "resolved": "https://registry.npmjs.org/@octokit/plugin-paginate-rest/-/plugin-paginate-rest-14.0.0.tgz",
      "integrity": "sha512-fNVRE7ufJiAA3XUrha2omTA39M6IXIc6GIZLvlbsm8QOQCYvpq/LkMNGyFlB1d8hTDzsAXa3OKtybdMAYsV/fw==",
      "license": "MIT",
      "dependencies": {
        "@octokit/types": "^16.0.0"
      },
      "engines": {
        "node": ">= 20"
      },
      "peerDependencies": {
        "@octokit/core": ">=6"
      }
    },
    "node_modules/@octokit/plugin-rest-endpoint-methods": {
      "version": "17.0.0",
      "resolved": "https://registry.npmjs.org/@octokit/plugin-rest-endpoint-methods/-/plugin-rest-endpoint-methods-17.0.0.tgz",
      "integrity": "sha512-B5yCyIlOJFPqUUeiD0cnBJwWJO8lkJs5d8+ze9QDP6SvfiXSz1BF+91+0MeI1d2yxgOhU/O+CvtiZ9jSkHhFAw==",
      "license": "MIT",
      "dependencies": {
        "@octokit/types": "^16.0.0"
      },
      "engines": {
        "node": ">= 20"
      },
      "peerDependencies": {
        "@octokit/core": ">=6"
      }
    },
    "node_modules/@octokit/request": {
      "version": "10.0.7",
      "resolved": "https://registry.npmjs.org/@octokit/request/-/request-10.0.7.tgz",
      "integrity": "sha512-v93h0i1yu4idj8qFPZwjehoJx4j3Ntn+JhXsdJrG9pYaX6j/XRz2RmasMUHtNgQD39nrv/VwTWSqK0RNXR8upA==",
      "license": "MIT",
      "dependencies": {
        "@octokit/endpoint": "^11.0.2",
        "@octokit/request-error": "^7.0.2",
        "@octokit/types": "^16.0.0",
        "fast-content-type-parse": "^3.0.0",
        "universal-user-agent": "^7.0.2"
      },
      "engines": {
        "node": ">= 20"
      }
    },
    "node_modules/@octokit/request-error": {
      "version": "7.1.0",
      "resolved": "https://registry.npmjs.org/@octokit/request-error/-/request-error-7.1.0.tgz",
      "integrity": "sha512-KMQIfq5sOPpkQYajXHwnhjCC0slzCNScLHs9JafXc4RAJI+9f+jNDlBNaIMTvazOPLgb4BnlhGJOTbnN0wIjPw==",
      "license": "MIT",
      "dependencies": {
        "@octokit/types": "^16.0.0"
      },
      "engines": {
        "node": ">= 20"
      }
    },
    "node_modules/@octokit/types": {
      "version": "16.0.0",
      "resolved": "https://registry.npmjs.org/@octokit/types/-/types-16.0.0.tgz",
      "integrity": "sha512-sKq+9r1Mm4efXW1FCk7hFSeJo4QKreL/tTbR0rz/qx/r1Oa2VV83LTA/H/MuCOX7uCIJmQVRKBcbmWoySjAnSg==",
      "license": "MIT",
      "dependencies": {
        "@octokit/openapi-types": "^27.0.0"
      }
    },
    "node_modules/before-after-hook": {
      "version": "4.0.0",
      "resolved": "https://registry.npmjs.org/before-after-hook/-/before-after-hook-4.0.0.tgz",
      "integrity": "sha512-q6tR3RPqIB1pMiTRMFcZwuG5T8vwp+vUvEG0vuI6B+Rikh5BfPp2fQ82c925FOs+b0lcFQ8CFrL+KbilfZFhOQ==",
      "license": "Apache-2.0"
    },
    "node_modules/fast-content-type-parse": {
      "version": "3.0.0",
      "resolved": "https://registry.npmjs.org/fast-content-type-parse/-/fast-content-type-parse-3.0.0.tgz",
      "integrity": "sha512-ZvLdcY8P+N8mGQJahJV5G4U88CSvT1rP8ApL6uETe88MBXrBHAkZlSEySdUlyztF7ccb+Znos3TFqaepHxdhBg==",
      "funding": [
        {
          "type": "github",
          "url": "https://github.com/sponsors/fastify"
        },
        {
          "type": "opencollective",
          "url": "https://opencollective.com/fastify"
        }
      ],
      "license": "MIT"
    },
    "node_modules/tunnel": {
      "version": "0.0.6",
      "resolved": "https://registry.npmjs.org/tunnel/-/tunnel-0.0.6.tgz",
      "integrity": "sha512-1h/Lnq9yajKY2PEbBadPXj3VxsDDu844OnaAo52UVmIzIvwwtBPIuNvkjuzBlTWpfJyUbG3ez0KSBibQkj4ojg==",
      "engines": {
        "node": ">=0.6.11 <=0.7.0 || >=0.7.3"
      }
    },
    "node_modules/undici": {
      "version": "6.23.0",
      "resolved": "https://registry.npmjs.org/undici/-/undici-6.23.0.tgz",
      "integrity": "sha512-VfQPToRA5FZs/qJxLIinmU59u0r7LXqoJkCzinq3ckNJp3vKEh7jTWN589YQ5+aoAC/TGRLyJLCPKcLQbM8r9g==",
      "license": "MIT",
      "engines": {
        "node": ">=18.17"
      }
    },
    "node_modules/universal-user-agent": {
      "version": "7.0.3",
      "resolved": "https://registry.npmjs.org/universal-user-agent/-/universal-user-agent-7.0.3.tgz",
      "integrity": "sha512-TmnEAEAsBJVZM/AADELsK76llnwcf9vMKuPz8JflO1frO8Lchitr0fNaN9d+Ap0BjKtqWqd/J17qeDnXh8CL2A==",
      "license": "ISC"
    }
  }
}
